
Microsoft Visual Studio Solution File, Format Version 12.00
# Visual Studio Version 17
VisualStudioVersion = 17.2.32602.215
MinimumVisualStudioVersion = 10.0.40219.1
Project("{00D1A9C2-B5F0-4AF3-8072-F6C62B433612}") = "ToDoDatabase", "ToDoDatabase.sqlproj", "{4C909CDC-2AC2-4336-8F53-54E0A036BB99}"
EndProject
Global
	GlobalSection(SolutionConfigurationPlatforms) = preSolution
		Debug|Any CPU = Debug|Any CPU
		Release|Any CPU = Release|Any CPU
	EndGlobalSection
	GlobalSection(ProjectConfigurationPlatforms) = postSolution
		{4C909CDC-2AC2-4336-8F53-54E0A036BB99}.Debug|Any CPU.ActiveCfg = Debug|Any CPU
		{4C909CDC-2AC2-4336-8F53-54E0A036BB99}.Debug|Any CPU.Build.0 = Debug|Any CPU
		{4C909CDC-2AC2-4336-8F53-54E0A036BB99}.Debug|Any CPU.Deploy.0 = Debug|Any CPU
		{4C909CDC-2AC2-4336-8F53-54E0A036BB99}.Release|Any CPU.ActiveCfg = Release|Any CPU
		{4C909CDC-2AC2-4336-8F53-54E0A036BB99}.Release|Any CPU.Build.0 = Release|Any CPU
		{4C909CDC-2AC2-4336-8F53-54E0A036BB99}.Release|Any CPU.Deploy.0 = Release|Any CPU
	EndGlobalSection
	GlobalSection(SolutionProperties) = preSolution
		HideSolutionNode = FALSE
	EndGlobalSection
	GlobalSection(ExtensibilityGlobals) = postSolution
		SolutionGuid = {0C0E4EF6-26F6-4C48-997C-007A416EF869}
	EndGlobalSection
EndGlobal
